
Microsoft Visual Studio Solution File, Format Version 12.00
# Visual Studio Version 16
VisualStudioVersion = 16.0.30128.74
MinimumVisualStudioVersion = 10.0.40219.1
Project("{FAE04EC0-301F-11D3-BF4B-00C04F79EFBC}") = "SeleniumProject", "SeleniumProject\SeleniumProject.csproj", "{5BC113F5-27A2-46CF-8FC8-10C1E9683AEB}"
EndProject
Global
	GlobalSection(SolutionConfigurationPlatforms) = preSolution
		Debug|Any CPU = Debug|Any CPU
		Release|Any CPU = Release|Any CPU
	EndGlobalSection
	GlobalSection(ProjectConfigurationPlatforms) = postSolution
		{5BC113F5-27A2-46CF-8FC8-10C1E9683AEB}.Debug|Any CPU.ActiveCfg = Debug|Any CPU
		{5BC113F5-27A2-46CF-8FC8-10C1E9683AEB}.Debug|Any CPU.Build.0 = Debug|Any CPU
		{5BC113F5-27A2-46CF-8FC8-10C1E9683AEB}.Release|Any CPU.ActiveCfg = Release|Any CPU
		{5BC113F5-27A2-46CF-8FC8-10C1E9683AEB}.Release|Any CPU.Build.0 = Release|Any CPU
	EndGlobalSection
	GlobalSection(SolutionProperties) = preSolution
		HideSolutionNode = FALSE
	EndGlobalSection
	GlobalSection(ExtensibilityGlobals) = postSolution
		SolutionGuid = {F1A51298-166E-4547-B833-F8B96D3415C6}
	EndGlobalSection
EndGlobal
